
Microsoft Visual Studio Solution File, Format Version 10.00
# Visual Studio 2008
Project("{FAE04EC0-301F-11D3-BF4B-00C04F79EFBC}") = "FileManager2", "FileManager2\FileManager2.csproj", "{7E64A6DC-0918-42B2-BEB0-3CA1EF75B533}"
EndProject
Global
	GlobalSection(SolutionConfigurationPlatforms) = preSolution
		Debug|Any CPU = Debug|Any CPU
		Release|Any CPU = Release|Any CPU
	EndGlobalSection
	GlobalSection(ProjectConfigurationPlatforms) = postSolution
		{7E64A6DC-0918-42B2-BEB0-3CA1EF75B533}.Debug|Any CPU.ActiveCfg = Debug|Any CPU
		{7E64A6DC-0918-42B2-BEB0-3CA1EF75B533}.Debug|Any CPU.Build.0 = Debug|Any CPU
		{7E64A6DC-0918-42B2-BEB0-3CA1EF75B533}.Release|Any CPU.ActiveCfg = Release|Any CPU
		{7E64A6DC-0918-42B2-BEB0-3CA1EF75B533}.Release|Any CPU.Build.0 = Release|Any CPU
	EndGlobalSection
	GlobalSection(SolutionProperties) = preSolution
		HideSolutionNode = FALSE
	EndGlobalSection
EndGlobal
